
Microsoft Visual Studio Solution File, Format Version 12.00
# Visual Studio Version 17
VisualStudioVersion = 17.8.34330.188
MinimumVisualStudioVersion = 10.0.40219.1
Project("{FAE04EC0-301F-11D3-BF4B-00C04F79EFBC}") = "ValentineSite", "ValentineSite\ValentineSite.csproj", "{9C8805F7-B341-4F01-90F8-56475E707763}"
EndProject
Global
	GlobalSection(SolutionConfigurationPlatforms) = preSolution
		Debug|Any CPU = Debug|Any CPU
		Release|Any CPU = Release|Any CPU
	EndGlobalSection
	GlobalSection(ProjectConfigurationPlatforms) = postSolution
		{9C8805F7-B341-4F01-90F8-56475E707763}.Debug|Any CPU.ActiveCfg = Debug|Any CPU
		{9C8805F7-B341-4F01-90F8-56475E707763}.Debug|Any CPU.Build.0 = Debug|Any CPU
		{9C8805F7-B341-4F01-90F8-56475E707763}.Release|Any CPU.ActiveCfg = Release|Any CPU
		{9C8805F7-B341-4F01-90F8-56475E707763}.Release|Any CPU.Build.0 = Release|Any CPU
	EndGlobalSection
	GlobalSection(SolutionProperties) = preSolution
		HideSolutionNode = FALSE
	EndGlobalSection
	GlobalSection(ExtensibilityGlobals) = postSolution
		SolutionGuid = {5F4E27F5-31AB-489E-9509-CCDF6D8629EE}
	EndGlobalSection
EndGlobal
